
Microsoft Visual Studio Solution File, Format Version 12.00
# Visual Studio Version 16
VisualStudioVersion = 16.0.29102.190
MinimumVisualStudioVersion = 10.0.40219.1
Project("{FAE04EC0-301F-11D3-BF4B-00C04F79EFBC}") = "DateTimeCalculator", "DateTimeCalculator\DateTimeCalculator.csproj", "{A5C46CB3-ACD2-4DA6-B9CC-A5B51B640AED}"
EndProject
Project("{FAE04EC0-301F-11D3-BF4B-00C04F79EFBC}") = "Classes", "classes\Classes.csproj", "{F4ADF001-4339-4C59-BECC-94DC45838C62}"
EndProject
Project("{FAE04EC0-301F-11D3-BF4B-00C04F79EFBC}") = "Skobki", "Skobki\Skobki.csproj", "{FF1FEA23-0C6F-4533-AD26-92D0EE8663E2}"
EndProject
Project("{FAE04EC0-301F-11D3-BF4B-00C04F79EFBC}") = "dz20.10", "dz20.10\dz20.10.csproj", "{1ACDF320-ED57-4B59-A159-B3769AF9071F}"
EndProject
Project("{FAE04EC0-301F-11D3-BF4B-00C04F79EFBC}") = "Skobki_Relize", "Skobki_Relize\Skobki_Relize.csproj", "{B4415440-E456-4DEA-BAEF-3CDFF9E25040}"
EndProject
Project("{2150E333-8FDC-42A3-9474-1A3956D46DE8}") = "Lessons", "Lessons", "{D1504039-D071-47FC-8C75-0AB36E912316}"
EndProject
Project("{FAE04EC0-301F-11D3-BF4B-00C04F79EFBC}") = "Interfaces", "Interfaces\Interfaces.csproj", "{E6029833-3A1C-4FDA-82F6-9AF71A04202D}"
EndProject
Project("{FAE04EC0-301F-11D3-BF4B-00C04F79EFBC}") = "VirtualMethods", "VirtualMethods\VirtualMethods.csproj", "{B251D44C-0CF7-4FE3-BB09-AEF9BFCE0870}"
EndProject
Project("{FAE04EC0-301F-11D3-BF4B-00C04F79EFBC}") = "BoobleMethods", "BoobleMethods\BoobleMethods.csproj", "{A742D12B-3F27-47B7-B733-F70BE299932C}"
EndProject
Project("{FAE04EC0-301F-11D3-BF4B-00C04F79EFBC}") = "Island", "Island\Island.csproj", "{7119092C-80FE-4772-BFB7-8C89B5843EE6}"
EndProject
Project("{FAE04EC0-301F-11D3-BF4B-00C04F79EFBC}") = "BinaryCode", "BinaryCode\BinaryCode.csproj", "{46368FAB-D20D-4FB8-9D31-85502A0D739C}"
EndProject
Project("{FAE04EC0-301F-11D3-BF4B-00C04F79EFBC}") = "bin_Path2", "bin_Path2\bin_Path2.csproj", "{B1733CB0-99DA-47BD-8782-735B35FD839C}"
EndProject
Project("{FAE04EC0-301F-11D3-BF4B-00C04F79EFBC}") = "Palindrom", "Palindrom\Palindrom.csproj", "{8D61F103-4068-4BEC-8C45-B9DD019D440A}"
EndProject
Project("{FAE04EC0-301F-11D3-BF4B-00C04F79EFBC}") = "Interfaces20_11", "Interfaces20_11\Interfaces20_11.csproj", "{FF5BA1DA-F003-434C-9367-22B939F68838}"
EndProject
Project("{FAE04EC0-301F-11D3-BF4B-00C04F79EFBC}") = "WpfApp1", "WpfApp1\WpfApp1.csproj", "{C21C0651-937D-4B7C-A933-EADAABEDFC0C}"
EndProject
Project("{FAE04EC0-301F-11D3-BF4B-00C04F79EFBC}") = "Temperatura", "ConsoleApp1\Temperatura.csproj", "{19910C10-998C-48AF-B190-211292E1E4BE}"
EndProject
Project("{FAE04EC0-301F-11D3-BF4B-00C04F79EFBC}") = "Hospital", "Hospital\Hospital.csproj", "{E0D518B7-E75F-49E6-A4D1-8D0577056229}"
EndProject
Project("{FAE04EC0-301F-11D3-BF4B-00C04F79EFBC}") = "wpf_for_hospital", "wpf_for_hospital\wpf_for_hospital.csproj", "{A0C56EA9-6F26-46F7-81BC-1E323B234F80}"
EndProject
Project("{FAE04EC0-301F-11D3-BF4B-00C04F79EFBC}") = "Common_Helpers", "Common_Helpers\Common_Helpers.csproj", "{CB44DFE5-2CDA-467F-A973-88D24503A090}"
EndProject
Project("{FAE04EC0-301F-11D3-BF4B-00C04F79EFBC}") = "Deleter", "Deleter\Deleter.csproj", "{FE9C081E-CA8C-476C-A593-C57DBA4BDE81}"
EndProject
Global
	GlobalSection(SolutionConfigurationPlatforms) = preSolution
		Debug|Any CPU = Debug|Any CPU
		Release|Any CPU = Release|Any CPU
	EndGlobalSection
	GlobalSection(ProjectConfigurationPlatforms) = postSolution
		{A5C46CB3-ACD2-4DA6-B9CC-A5B51B640AED}.Debug|Any CPU.ActiveCfg = Debug|Any CPU
		{A5C46CB3-ACD2-4DA6-B9CC-A5B51B640AED}.Debug|Any CPU.Build.0 = Debug|Any CPU
		{A5C46CB3-ACD2-4DA6-B9CC-A5B51B640AED}.Release|Any CPU.ActiveCfg = Release|Any CPU
		{A5C46CB3-ACD2-4DA6-B9CC-A5B51B640AED}.Release|Any CPU.Build.0 = Release|Any CPU
		{F4ADF001-4339-4C59-BECC-94DC45838C62}.Debug|Any CPU.ActiveCfg = Debug|Any CPU
		{F4ADF001-4339-4C59-BECC-94DC45838C62}.Debug|Any CPU.Build.0 = Debug|Any CPU
		{F4ADF001-4339-4C59-BECC-94DC45838C62}.Release|Any CPU.ActiveCfg = Release|Any CPU
		{F4ADF001-4339-4C59-BECC-94DC45838C62}.Release|Any CPU.Build.0 = Release|Any CPU
		{FF1FEA23-0C6F-4533-AD26-92D0EE8663E2}.Debug|Any CPU.ActiveCfg = Debug|Any CPU
		{FF1FEA23-0C6F-4533-AD26-92D0EE8663E2}.Debug|Any CPU.Build.0 = Debug|Any CPU
		{FF1FEA23-0C6F-4533-AD26-92D0EE8663E2}.Release|Any CPU.ActiveCfg = Release|Any CPU
		{FF1FEA23-0C6F-4533-AD26-92D0EE8663E2}.Release|Any CPU.Build.0 = Release|Any CPU
		{1ACDF320-ED57-4B59-A159-B3769AF9071F}.Debug|Any CPU.ActiveCfg = Debug|Any CPU
		{1ACDF320-ED57-4B59-A159-B3769AF9071F}.Debug|Any CPU.Build.0 = Debug|Any CPU
		{1ACDF320-ED57-4B59-A159-B3769AF9071F}.Release|Any CPU.ActiveCfg = Release|Any CPU
		{1ACDF320-ED57-4B59-A159-B3769AF9071F}.Release|Any CPU.Build.0 = Release|Any CPU
		{B4415440-E456-4DEA-BAEF-3CDFF9E25040}.Debug|Any CPU.ActiveCfg = Debug|Any CPU
		{B4415440-E456-4DEA-BAEF-3CDFF9E25040}.Debug|Any CPU.Build.0 = Debug|Any CPU
		{B4415440-E456-4DEA-BAEF-3CDFF9E25040}.Release|Any CPU.ActiveCfg = Release|Any CPU
		{B4415440-E456-4DEA-BAEF-3CDFF9E25040}.Release|Any CPU.Build.0 = Release|Any CPU
		{E6029833-3A1C-4FDA-82F6-9AF71A04202D}.Debug|Any CPU.ActiveCfg = Debug|Any CPU
		{E6029833-3A1C-4FDA-82F6-9AF71A04202D}.Debug|Any CPU.Build.0 = Debug|Any CPU
		{E6029833-3A1C-4FDA-82F6-9AF71A04202D}.Release|Any CPU.ActiveCfg = Release|Any CPU
		{E6029833-3A1C-4FDA-82F6-9AF71A04202D}.Release|Any CPU.Build.0 = Release|Any CPU
		{B251D44C-0CF7-4FE3-BB09-AEF9BFCE0870}.Debug|Any CPU.ActiveCfg = Debug|Any CPU
		{B251D44C-0CF7-4FE3-BB09-AEF9BFCE0870}.Debug|Any CPU.Build.0 = Debug|Any CPU
		{B251D44C-0CF7-4FE3-BB09-AEF9BFCE0870}.Release|Any CPU.ActiveCfg = Release|Any CPU
		{B251D44C-0CF7-4FE3-BB09-AEF9BFCE0870}.Release|Any CPU.Build.0 = Release|Any CPU
		{A742D12B-3F27-47B7-B733-F70BE299932C}.Debug|Any CPU.ActiveCfg = Debug|Any CPU
		{A742D12B-3F27-47B7-B733-F70BE299932C}.Debug|Any CPU.Build.0 = Debug|Any CPU
		{A742D12B-3F27-47B7-B733-F70BE299932C}.Release|Any CPU.ActiveCfg = Release|Any CPU
		{A742D12B-3F27-47B7-B733-F70BE299932C}.Release|Any CPU.Build.0 = Release|Any CPU
		{7119092C-80FE-4772-BFB7-8C89B5843EE6}.Debug|Any CPU.ActiveCfg = Debug|Any CPU
		{7119092C-80FE-4772-BFB7-8C89B5843EE6}.Debug|Any CPU.Build.0 = Debug|Any CPU
		{7119092C-80FE-4772-BFB7-8C89B5843EE6}.Release|Any CPU.ActiveCfg = Release|Any CPU
		{7119092C-80FE-4772-BFB7-8C89B5843EE6}.Release|Any CPU.Build.0 = Release|Any CPU
		{46368FAB-D20D-4FB8-9D31-85502A0D739C}.Debug|Any CPU.ActiveCfg = Debug|Any CPU
		{46368FAB-D20D-4FB8-9D31-85502A0D739C}.Debug|Any CPU.Build.0 = Debug|Any CPU
		{46368FAB-D20D-4FB8-9D31-85502A0D739C}.Release|Any CPU.ActiveCfg = Release|Any CPU
		{46368FAB-D20D-4FB8-9D31-85502A0D739C}.Release|Any CPU.Build.0 = Release|Any CPU
		{B1733CB0-99DA-47BD-8782-735B35FD839C}.Debug|Any CPU.ActiveCfg = Debug|Any CPU
		{B1733CB0-99DA-47BD-8782-735B35FD839C}.Debug|Any CPU.Build.0 = Debug|Any CPU
		{B1733CB0-99DA-47BD-8782-735B35FD839C}.Release|Any CPU.ActiveCfg = Release|Any CPU
		{B1733CB0-99DA-47BD-8782-735B35FD839C}.Release|Any CPU.Build.0 = Release|Any CPU
		{8D61F103-4068-4BEC-8C45-B9DD019D440A}.Debug|Any CPU.ActiveCfg = Debug|Any CPU
		{8D61F103-4068-4BEC-8C45-B9DD019D440A}.Debug|Any CPU.Build.0 = Debug|Any CPU
		{8D61F103-4068-4BEC-8C45-B9DD019D440A}.Release|Any CPU.ActiveCfg = Release|Any CPU
		{8D61F103-4068-4BEC-8C45-B9DD019D440A}.Release|Any CPU.Build.0 = Release|Any CPU
		{FF5BA1DA-F003-434C-9367-22B939F68838}.Debug|Any CPU.ActiveCfg = Debug|Any CPU
		{FF5BA1DA-F003-434C-9367-22B939F68838}.Debug|Any CPU.Build.0 = Debug|Any CPU
		{FF5BA1DA-F003-434C-9367-22B939F68838}.Release|Any CPU.ActiveCfg = Release|Any CPU
		{FF5BA1DA-F003-434C-9367-22B939F68838}.Release|Any CPU.Build.0 = Release|Any CPU
		{C21C0651-937D-4B7C-A933-EADAABEDFC0C}.Debug|Any CPU.ActiveCfg = Debug|Any CPU
		{C21C0651-937D-4B7C-A933-EADAABEDFC0C}.Debug|Any CPU.Build.0 = Debug|Any CPU
		{C21C0651-937D-4B7C-A933-EADAABEDFC0C}.Release|Any CPU.ActiveCfg = Release|Any CPU
		{C21C0651-937D-4B7C-A933-EADAABEDFC0C}.Release|Any CPU.Build.0 = Release|Any CPU
		{19910C10-998C-48AF-B190-211292E1E4BE}.Debug|Any CPU.ActiveCfg = Debug|Any CPU
		{19910C10-998C-48AF-B190-211292E1E4BE}.Debug|Any CPU.Build.0 = Debug|Any CPU
		{19910C10-998C-48AF-B190-211292E1E4BE}.Release|Any CPU.ActiveCfg = Release|Any CPU
		{19910C10-998C-48AF-B190-211292E1E4BE}.Release|Any CPU.Build.0 = Release|Any CPU
		{E0D518B7-E75F-49E6-A4D1-8D0577056229}.Debug|Any CPU.ActiveCfg = Debug|Any CPU
		{E0D518B7-E75F-49E6-A4D1-8D0577056229}.Debug|Any CPU.Build.0 = Debug|Any CPU
		{E0D518B7-E75F-49E6-A4D1-8D0577056229}.Release|Any CPU.ActiveCfg = Release|Any CPU
		{E0D518B7-E75F-49E6-A4D1-8D0577056229}.Release|Any CPU.Build.0 = Release|Any CPU
		{A0C56EA9-6F26-46F7-81BC-1E323B234F80}.Debug|Any CPU.ActiveCfg = Debug|Any CPU
		{A0C56EA9-6F26-46F7-81BC-1E323B234F80}.Debug|Any CPU.Build.0 = Debug|Any CPU
		{A0C56EA9-6F26-46F7-81BC-1E323B234F80}.Release|Any CPU.ActiveCfg = Release|Any CPU
		{A0C56EA9-6F26-46F7-81BC-1E323B234F80}.Release|Any CPU.Build.0 = Release|Any CPU
		{CB44DFE5-2CDA-467F-A973-88D24503A090}.Debug|Any CPU.ActiveCfg = Debug|Any CPU
		{CB44DFE5-2CDA-467F-A973-88D24503A090}.Debug|Any CPU.Build.0 = Debug|Any CPU
		{CB44DFE5-2CDA-467F-A973-88D24503A090}.Release|Any CPU.ActiveCfg = Release|Any CPU
		{CB44DFE5-2CDA-467F-A973-88D24503A090}.Release|Any CPU.Build.0 = Release|Any CPU
		{FE9C081E-CA8C-476C-A593-C57DBA4BDE81}.Debug|Any CPU.ActiveCfg = Debug|Any CPU
		{FE9C081E-CA8C-476C-A593-C57DBA4BDE81}.Debug|Any CPU.Build.0 = Debug|Any CPU
		{FE9C081E-CA8C-476C-A593-C57DBA4BDE81}.Release|Any CPU.ActiveCfg = Release|Any CPU
		{FE9C081E-CA8C-476C-A593-C57DBA4BDE81}.Release|Any CPU.Build.0 = Release|Any CPU
	EndGlobalSection
	GlobalSection(SolutionProperties) = preSolution
		HideSolutionNode = FALSE
	EndGlobalSection
	GlobalSection(NestedProjects) = preSolution
		{E6029833-3A1C-4FDA-82F6-9AF71A04202D} = {D1504039-D071-47FC-8C75-0AB36E912316}
		{B251D44C-0CF7-4FE3-BB09-AEF9BFCE0870} = {D1504039-D071-47FC-8C75-0AB36E912316}
	EndGlobalSection
	GlobalSection(ExtensibilityGlobals) = postSolution
		SolutionGuid = {6D79D0DC-F63F-47EB-A9E2-D255DDF0F76F}
	EndGlobalSection
EndGlobal
